// !$*UTF8*$!
{
	archiveVersion = 1;
	classes = {
	};
	objectVersion = 46;
	objects = {

/* Begin PBXBuildFile section */
		54C6B4E218733A73006117DA /* Images.xcassets in Resources */ = {isa = PBXBuildFile; fileRef = 54C6B4E118733A73006117DA /* Images.xcassets */; };
		54C6B4E818733E68006117DA /* sparkle_dsa_pub.pem in Resources */ = {isa = PBXBuildFile; fileRef = 54C6B4E718733E68006117DA /* sparkle_dsa_pub.pem */; };
		54C6B50E187344B6006117DA /* Sparkle.framework in Frameworks */ = {isa = PBXBuildFile; fileRef = 54C6B50D187344B5006117DA /* Sparkle.framework */; };
		54C6B50F187344CB006117DA /* Sparkle.framework in CopyFiles */ = {isa = PBXBuildFile; fileRef = 54C6B50D187344B5006117DA /* Sparkle.framework */; };
		AE94C69E16E5EA0C00F00E66 /* Cocoa.framework in Frameworks */ = {isa = PBXBuildFile; fileRef = AE94C69D16E5EA0C00F00E66 /* Cocoa.framework */; };
		AE94C6A816E5EA0C00F00E66 /* InfoPlist.strings in Resources */ = {isa = PBXBuildFile; fileRef = AE94C6A616E5EA0C00F00E66 /* InfoPlist.strings */; };
		AE94C6AA16E5EA0C00F00E66 /* main.m in Sources */ = {isa = PBXBuildFile; fileRef = AE94C6A916E5EA0C00F00E66 /* main.m */; };
		AE94C6AE16E5EA0C00F00E66 /* Credits.rtf in Resources */ = {isa = PBXBuildFile; fileRef = AE94C6AC16E5EA0C00F00E66 /* Credits.rtf */; };
		AE94C6B116E5EA0C00F00E66 /* AppDelegate.m in Sources */ = {isa = PBXBuildFile; fileRef = AE94C6B016E5EA0C00F00E66 /* AppDelegate.m */; };
		AE94C6B416E5EA0C00F00E66 /* MainMenu.xib in Resources */ = {isa = PBXBuildFile; fileRef = AE94C6B216E5EA0C00F00E66 /* MainMenu.xib */; };
		AEB14FE716E766A8008E6683 /* DigitalChinaSupplicant.icns in Resources */ = {isa = PBXBuildFile; fileRef = AEB14FE616E766A8008E6683 /* DigitalChinaSupplicant.icns */; };
		AEEF28B416EAE24000C4DF78 /* repairClient.sh in Resources */ = {isa = PBXBuildFile; fileRef = AEEF28B316EAE24000C4DF78 /* repairClient.sh */; };
		AEEF28B616EAE2A800C4DF78 /* Security.framework in Frameworks */ = {isa = PBXBuildFile; fileRef = AEEF28B516EAE2A800C4DF78 /* Security.framework */; };
/* End PBXBuildFile section */

/* Begin PBXCopyFilesBuildPhase section */
		AE94C6BA16E5FA9400F00E66 /* CopyFiles */ = {
			isa = PBXCopyFilesBuildPhase;
			buildActionMask = 12;
			dstPath = "";
			dstSubfolderSpec = 10;
			files = (
				54C6B50F187344CB006117DA /* Sparkle.framework in CopyFiles */,
			);
			runOnlyForDeploymentPostprocessing = 0;
		};
/* End PBXCopyFilesBuildPhase section */

/* Begin PBXFileReference section */
		54C6B4E118733A73006117DA /* Images.xcassets */ = {isa = PBXFileReference; lastKnownFileType = folder.assetcatalog; path = Images.xcassets; sourceTree = "<group>"; };
		54C6B4E718733E68006117DA /* sparkle_dsa_pub.pem */ = {isa = PBXFileReference; fileEncoding = 4; lastKnownFileType = text; path = sparkle_dsa_pub.pem; sourceTree = "<group>"; };
		54C6B50D187344B5006117DA /* Sparkle.framework */ = {isa = PBXFileReference; lastKnownFileType = wrapper.framework; path = Sparkle.framework; sourceTree = "<group>"; };
		AE94C69A16E5EA0C00F00E66 /* DigitalChinaSupplicant.app */ = {isa = PBXFileReference; explicitFileType = wrapper.application; includeInIndex = 0; path = DigitalChinaSupplicant.app; sourceTree = BUILT_PRODUCTS_DIR; };
		AE94C69D16E5EA0C00F00E66 /* Cocoa.framework */ = {isa = PBXFileReference; lastKnownFileType = wrapper.framework; name = Cocoa.framework; path = System/Library/Frameworks/Cocoa.framework; sourceTree = SDKROOT; };
		AE94C6A016E5EA0C00F00E66 /* AppKit.framework */ = {isa = PBXFileReference; lastKnownFileType = wrapper.framework; name = AppKit.framework; path = System/Library/Frameworks/AppKit.framework; sourceTree = SDKROOT; };
		AE94C6A116E5EA0C00F00E66 /* CoreData.framework */ = {isa = PBXFileReference; lastKnownFileType = wrapper.framework; name = CoreData.framework; path = System/Library/Frameworks/CoreData.framework; sourceTree = SDKROOT; };
		AE94C6A216E5EA0C00F00E66 /* Foundation.framework */ = {isa = PBXFileReference; lastKnownFileType = wrapper.framework; name = Foundation.framework; path = System/Library/Frameworks/Foundation.framework; sourceTree = SDKROOT; };
		AE94C6A516E5EA0C00F00E66 /* DigitalChinaSupplicant-Info.plist */ = {isa = PBXFileReference; lastKnownFileType = text.plist.xml; path = "DigitalChinaSupplicant-Info.plist"; sourceTree = "<group>"; };
		AE94C6A716E5EA0C00F00E66 /* en */ = {isa = PBXFileReference; lastKnownFileType = text.plist.strings; name = en; path = en.lproj/InfoPlist.strings; sourceTree = "<group>"; };
		AE94C6A916E5EA0C00F00E66 /* main.m */ = {isa = PBXFileReference; lastKnownFileType = sourcecode.c.objc; path = main.m; sourceTree = "<group>"; };
		AE94C6AB16E5EA0C00F00E66 /* DigitalChinaSupplicant-Prefix.pch */ = {isa = PBXFileReference; lastKnownFileType = sourcecode.c.h; path = "DigitalChinaSupplicant-Prefix.pch"; sourceTree = "<group>"; };
		AE94C6AD16E5EA0C00F00E66 /* en */ = {isa = PBXFileReference; lastKnownFileType = text.rtf; name = en; path = en.lproj/Credits.rtf; sourceTree = "<group>"; };
		AE94C6AF16E5EA0C00F00E66 /* AppDelegate.h */ = {isa = PBXFileReference; lastKnownFileType = sourcecode.c.h; path = AppDelegate.h; sourceTree = "<group>"; };
		AE94C6B016E5EA0C00F00E66 /* AppDelegate.m */ = {isa = PBXFileReference; lastKnownFileType = sourcecode.c.objc; path = AppDelegate.m; sourceTree = "<group>"; };
		AE94C6B316E5EA0C00F00E66 /* en */ = {isa = PBXFileReference; lastKnownFileType = file.xib; name = en; path = en.lproj/MainMenu.xib; sourceTree = "<group>"; };
		AEB14FE616E766A8008E6683 /* DigitalChinaSupplicant.icns */ = {isa = PBXFileReference; lastKnownFileType = image.icns; path = DigitalChinaSupplicant.icns; sourceTree = "<group>"; };
		AEEF28B316EAE24000C4DF78 /* repairClient.sh */ = {isa = PBXFileReference; fileEncoding = 4; lastKnownFileType = text.script.sh; path = repairClient.sh; sourceTree = "<group>"; };
		AEEF28B516EAE2A800C4DF78 /* Security.framework */ = {isa = PBXFileReference; lastKnownFileType = wrapper.framework; name = Security.framework; path = System/Library/Frameworks/Security.framework; sourceTree = SDKROOT; };
/* End PBXFileReference section */

/* Begin PBXFrameworksBuildPhase section */
		AE94C69716E5EA0C00F00E66 /* Frameworks */ = {
			isa = PBXFrameworksBuildPhase;
			buildActionMask = 2147483647;
			files = (
				AEEF28B616EAE2A800C4DF78 /* Security.framework in Frameworks */,
				54C6B50E187344B6006117DA /* Sparkle.framework in Frameworks */,
				AE94C69E16E5EA0C00F00E66 /* Cocoa.framework in Frameworks */,
			);
			runOnlyForDeploymentPostprocessing = 0;
		};
/* End PBXFrameworksBuildPhase section */

/* Begin PBXGroup section */
		AE94C69116E5EA0B00F00E66 = {
			isa = PBXGroup;
			children = (
				AEB14FE616E766A8008E6683 /* DigitalChinaSupplicant.icns */,
				AE94C6A316E5EA0C00F00E66 /* DigitalChinaSupplicant */,
				AE94C69C16E5EA0C00F00E66 /* Frameworks */,
				AE94C69B16E5EA0C00F00E66 /* Products */,
			);
			sourceTree = "<group>";
		};
		AE94C69B16E5EA0C00F00E66 /* Products */ = {
			isa = PBXGroup;
			children = (
				AE94C69A16E5EA0C00F00E66 /* DigitalChinaSupplicant.app */,
			);
			name = Products;
			sourceTree = "<group>";
		};
		AE94C69C16E5EA0C00F00E66 /* Frameworks */ = {
			isa = PBXGroup;
			children = (
				54C6B50D187344B5006117DA /* Sparkle.framework */,
				AEEF28B516EAE2A800C4DF78 /* Security.framework */,
				AE94C69D16E5EA0C00F00E66 /* Cocoa.framework */,
				AE94C69F16E5EA0C00F00E66 /* Other Frameworks */,
			);
			name = Frameworks;
			sourceTree = "<group>";
		};
		AE94C69F16E5EA0C00F00E66 /* Other Frameworks */ = {
			isa = PBXGroup;
			children = (
				AE94C6A016E5EA0C00F00E66 /* AppKit.framework */,
				AE94C6A116E5EA0C00F00E66 /* CoreData.framework */,
				AE94C6A216E5EA0C00F00E66 /* Foundation.framework */,
			);
			name = "Other Frameworks";
			sourceTree = "<group>";
		};
		AE94C6A316E5EA0C00F00E66 /* DigitalChinaSupplicant */ = {
			isa = PBXGroup;
			children = (
				AE94C6AF16E5EA0C00F00E66 /* AppDelegate.h */,
				AE94C6B016E5EA0C00F00E66 /* AppDelegate.m */,
				AE94C6B216E5EA0C00F00E66 /* MainMenu.xib */,
				54C6B4E118733A73006117DA /* Images.xcassets */,
				AE94C6A416E5EA0C00F00E66 /* Supporting Files */,
			);
			path = DigitalChinaSupplicant;
			sourceTree = "<group>";
		};
		AE94C6A416E5EA0C00F00E66 /* Supporting Files */ = {
			isa = PBXGroup;
			children = (
				54C6B4E718733E68006117DA /* sparkle_dsa_pub.pem */,
				AE94C6A516E5EA0C00F00E66 /* DigitalChinaSupplicant-Info.plist */,
				AE94C6A616E5EA0C00F00E66 /* InfoPlist.strings */,
				AE94C6A916E5EA0C00F00E66 /* main.m */,
				AE94C6AB16E5EA0C00F00E66 /* DigitalChinaSupplicant-Prefix.pch */,
				AE94C6AC16E5EA0C00F00E66 /* Credits.rtf */,
				AEEF28B316EAE24000C4DF78 /* repairClient.sh */,
			);
			name = "Supporting Files";
			sourceTree = "<group>";
		};
/* End PBXGroup section */

/* Begin PBXNativeTarget section */
		AE94C69916E5EA0C00F00E66 /* DigitalChinaSupplicant */ = {
			isa = PBXNativeTarget;
			buildConfigurationList = AE94C6B716E5EA0C00F00E66 /* Build configuration list for PBXNativeTarget "DigitalChinaSupplicant" */;
			buildPhases = (
				AE94C69616E5EA0C00F00E66 /* Sources */,
				AE94C69716E5EA0C00F00E66 /* Frameworks */,
				AE94C69816E5EA0C00F00E66 /* Resources */,
				AE94C6BA16E5FA9400F00E66 /* CopyFiles */,
			);
			buildRules = (
			);
			dependencies = (
			);
			name = DigitalChinaSupplicant;
			productName = DigitalChinaSupplicant;
			productReference = AE94C69A16E5EA0C00F00E66 /* DigitalChinaSupplicant.app */;
			productType = "com.apple.product-type.application";
		};
/* End PBXNativeTarget section */

/* Begin PBXProject section */
		AE94C69216E5EA0B00F00E66 /* Project object */ = {
			isa = PBXProject;
			attributes = {
				LastUpgradeCheck = 0500;
				ORGANIZATIONNAME = "云心逸";
			};
			buildConfigurationList = AE94C69516E5EA0B00F00E66 /* Build configuration list for PBXProject "DigitalChinaSupplicant" */;
			compatibilityVersion = "Xcode 3.2";
			developmentRegion = English;
			hasScannedForEncodings = 0;
			knownRegions = (
				en,
			);
			mainGroup = AE94C69116E5EA0B00F00E66;
			productRefGroup = AE94C69B16E5EA0C00F00E66 /* Products */;
			projectDirPath = "";
			projectRoot = "";
			targets = (
				AE94C69916E5EA0C00F00E66 /* DigitalChinaSupplicant */,
			);
		};
/* End PBXProject section */

/* Begin PBXResourcesBuildPhase section */
		AE94C69816E5EA0C00F00E66 /* Resources */ = {
			isa = PBXResourcesBuildPhase;
			buildActionMask = 2147483647;
			files = (
				54C6B4E818733E68006117DA /* sparkle_dsa_pub.pem in Resources */,
				AE94C6A816E5EA0C00F00E66 /* InfoPlist.strings in Resources */,
				54C6B4E218733A73006117DA /* Images.xcassets in Resources */,
				AE94C6AE16E5EA0C00F00E66 /* Credits.rtf in Resources */,
				AE94C6B416E5EA0C00F00E66 /* MainMenu.xib in Resources */,
				AEB14FE716E766A8008E6683 /* DigitalChinaSupplicant.icns in Resources */,
				AEEF28B416EAE24000C4DF78 /* repairClient.sh in Resources */,
			);
			runOnlyForDeploymentPostprocessing = 0;
		};
/* End PBXResourcesBuildPhase section */

/* Begin PBXSourcesBuildPhase section */
		AE94C69616E5EA0C00F00E66 /* Sources */ = {
			isa = PBXSourcesBuildPhase;
			buildActionMask = 2147483647;
			files = (
				AE94C6AA16E5EA0C00F00E66 /* main.m in Sources */,
				AE94C6B116E5EA0C00F00E66 /* AppDelegate.m in Sources */,
			);
			runOnlyForDeploymentPostprocessing = 0;
		};
/* End PBXSourcesBuildPhase section */

/* Begin PBXVariantGroup section */
		AE94C6A616E5EA0C00F00E66 /* InfoPlist.strings */ = {
			isa = PBXVariantGroup;
			children = (
				AE94C6A716E5EA0C00F00E66 /* en */,
			);
			name = InfoPlist.strings;
			sourceTree = "<group>";
		};
		AE94C6AC16E5EA0C00F00E66 /* Credits.rtf */ = {
			isa = PBXVariantGroup;
			children = (
				AE94C6AD16E5EA0C00F00E66 /* en */,
			);
			name = Credits.rtf;
			sourceTree = "<group>";
		};
		AE94C6B216E5EA0C00F00E66 /* MainMenu.xib */ = {
			isa = PBXVariantGroup;
			children = (
				AE94C6B316E5EA0C00F00E66 /* en */,
			);
			name = MainMenu.xib;
			sourceTree = "<group>";
		};
/* End PBXVariantGroup section */

/* Begin XCBuildConfiguration section */
		AE94C6B516E5EA0C00F00E66 /* Debug */ = {
			isa = XCBuildConfiguration;
			buildSettings = {
				ALWAYS_SEARCH_USER_PATHS = NO;
				CLANG_CXX_LANGUAGE_STANDARD = "gnu++0x";
				CLANG_CXX_LIBRARY = "libc++";
				CLANG_WARN_CONSTANT_CONVERSION = YES;
				CLANG_WARN_EMPTY_BODY = YES;
				CLANG_WARN_ENUM_CONVERSION = YES;
				CLANG_WARN_INT_CONVERSION = YES;
				CLANG_WARN__DUPLICATE_METHOD_MATCH = YES;
				COPY_PHASE_STRIP = NO;
				FRAMEWORK_SEARCH_PATHS = "";
				GCC_C_LANGUAGE_STANDARD = gnu99;
				GCC_DYNAMIC_NO_PIC = NO;
				GCC_ENABLE_OBJC_EXCEPTIONS = YES;
				GCC_OPTIMIZATION_LEVEL = 0;
				GCC_PREPROCESSOR_DEFINITIONS = (
					"DEBUG=1",
					"$(inherited)",
				);
				GCC_SYMBOLS_PRIVATE_EXTERN = NO;
				GCC_WARN_64_TO_32_BIT_CONVERSION = YES;
				GCC_WARN_ABOUT_RETURN_TYPE = YES;
				GCC_WARN_UNINITIALIZED_AUTOS = YES;
				GCC_WARN_UNUSED_VARIABLE = YES;
				MACOSX_DEPLOYMENT_TARGET = 10.8;
				ONLY_ACTIVE_ARCH = YES;
				SDKROOT = macosx;
			};
			name = Debug;
		};
		AE94C6B616E5EA0C00F00E66 /* Release */ = {
			isa = XCBuildConfiguration;
			buildSettings = {
				ALWAYS_SEARCH_USER_PATHS = NO;
				CLANG_CXX_LANGUAGE_STANDARD = "gnu++0x";
				CLANG_CXX_LIBRARY = "libc++";
				CLANG_WARN_CONSTANT_CONVERSION = YES;
				CLANG_WARN_EMPTY_BODY = YES;
				CLANG_WARN_ENUM_CONVERSION = YES;
				CLANG_WARN_INT_CONVERSION = YES;
				CLANG_WARN__DUPLICATE_METHOD_MATCH = YES;
				COPY_PHASE_STRIP = YES;
				DEBUG_INFORMATION_FORMAT = "dwarf-with-dsym";
				FRAMEWORK_SEARCH_PATHS = "";
				GCC_C_LANGUAGE_STANDARD = gnu99;
				GCC_ENABLE_OBJC_EXCEPTIONS = YES;
				GCC_WARN_64_TO_32_BIT_CONVERSION = YES;
				GCC_WARN_ABOUT_RETURN_TYPE = YES;
				GCC_WARN_UNINITIALIZED_AUTOS = YES;
				GCC_WARN_UNUSED_VARIABLE = YES;
				MACOSX_DEPLOYMENT_TARGET = 10.8;
				SDKROOT = macosx;
			};
			name = Release;
		};
		AE94C6B816E5EA0C00F00E66 /* Debug */ = {
			isa = XCBuildConfiguration;
			buildSettings = {
				ASSETCATALOG_COMPILER_APPICON_NAME = AppIcon;
				COMBINE_HIDPI_IMAGES = YES;
				FRAMEWORK_SEARCH_PATHS = (
					"$(inherited)",
					"$(SRCROOT)",
					"/Users/oxnz/Developer/digital-china-supplicant/DigitalChinaSupplicant",
				);
				GCC_PRECOMPILE_PREFIX_HEADER = YES;
				GCC_PREFIX_HEADER = "DigitalChinaSupplicant/DigitalChinaSupplicant-Prefix.pch";
				INFOPLIST_FILE = "DigitalChinaSupplicant/DigitalChinaSupplicant-Info.plist";
				PRODUCT_NAME = "$(TARGET_NAME)";
				WRAPPER_EXTENSION = app;
			};
			name = Debug;
		};
		AE94C6B916E5EA0C00F00E66 /* Release */ = {
			isa = XCBuildConfiguration;
			buildSettings = {
				ASSETCATALOG_COMPILER_APPICON_NAME = AppIcon;
				COMBINE_HIDPI_IMAGES = YES;
				FRAMEWORK_SEARCH_PATHS = (
					"$(inherited)",
					"$(SRCROOT)",
					"/Users/oxnz/Developer/digital-china-supplicant/DigitalChinaSupplicant",
				);
				GCC_PRECOMPILE_PREFIX_HEADER = YES;
				GCC_PREFIX_HEADER = "DigitalChinaSupplicant/DigitalChinaSupplicant-Prefix.pch";
				INFOPLIST_FILE = "DigitalChinaSupplicant/DigitalChinaSupplicant-Info.plist";
				PRODUCT_NAME = "$(TARGET_NAME)";
				WRAPPER_EXTENSION = app;
			};
			name = Release;
		};
/* End XCBuildConfiguration section */

/* Begin XCConfigurationList section */
		AE94C69516E5EA0B00F00E66 /* Build configuration list for PBXProject "DigitalChinaSupplicant" */ = {
			isa = XCConfigurationList;
			buildConfigurations = (
				AE94C6B516E5EA0C00F00E66 /* Debug */,
				AE94C6B616E5EA0C00F00E66 /* Release */,
			);
			defaultConfigurationIsVisible = 0;
			defaultConfigurationName = Release;
		};
		AE94C6B716E5EA0C00F00E66 /* Build configuration list for PBXNativeTarget "DigitalChinaSupplicant" */ = {
			isa = XCConfigurationList;
			buildConfigurations = (
				AE94C6B816E5EA0C00F00E66 /* Debug */,
				AE94C6B916E5EA0C00F00E66 /* Release */,
			);
			defaultConfigurationIsVisible = 0;
			defaultConfigurationName = Release;
		};
/* End XCConfigurationList section */
	};
	rootObject = AE94C69216E5EA0B00F00E66 /* Project object */;
}
